
Microsoft Visual Studio Solution File, Format Version 12.00
# Visual Studio Version 16
VisualStudioVersion = 16.0.31019.35
MinimumVisualStudioVersion = 10.0.40219.1
Project("{FAE04EC0-301F-11D3-BF4B-00C04F79EFBC}") = "IMAP", "IMAP\IMAP.csproj", "{BDA86426-F454-455A-978A-720D896DD3F0}"
EndProject
Global
	GlobalSection(SolutionConfigurationPlatforms) = preSolution
		Debug|Any CPU = Debug|Any CPU
		Release|Any CPU = Release|Any CPU
	EndGlobalSection
	GlobalSection(ProjectConfigurationPlatforms) = postSolution
		{BDA86426-F454-455A-978A-720D896DD3F0}.Debug|Any CPU.ActiveCfg = Debug|Any CPU
		{BDA86426-F454-455A-978A-720D896DD3F0}.Debug|Any CPU.Build.0 = Debug|Any CPU
		{BDA86426-F454-455A-978A-720D896DD3F0}.Release|Any CPU.ActiveCfg = Release|Any CPU
		{BDA86426-F454-455A-978A-720D896DD3F0}.Release|Any CPU.Build.0 = Release|Any CPU
	EndGlobalSection
	GlobalSection(SolutionProperties) = preSolution
		HideSolutionNode = FALSE
	EndGlobalSection
	GlobalSection(ExtensibilityGlobals) = postSolution
		SolutionGuid = {2A990DC9-EF47-47C5-B116-157DF0DE6EC0}
	EndGlobalSection
EndGlobal
